
Microsoft Visual Studio Solution File, Format Version 12.00
# Visual Studio Version 17
VisualStudioVersion = 17.6.33815.320
MinimumVisualStudioVersion = 10.0.40219.1
Project("{FAE04EC0-301F-11D3-BF4B-00C04F79EFBC}") = "ClamarojBack", "ClamarojBack\ClamarojBack.csproj", "{2E91C7CB-8529-4FFF-B999-C930A2601EE0}"
EndProject
Global
	GlobalSection(SolutionConfigurationPlatforms) = preSolution
		Debug|Any CPU = Debug|Any CPU
		Release|Any CPU = Release|Any CPU
	EndGlobalSection
	GlobalSection(ProjectConfigurationPlatforms) = postSolution
		{2E91C7CB-8529-4FFF-B999-C930A2601EE0}.Debug|Any CPU.ActiveCfg = Debug|Any CPU
		{2E91C7CB-8529-4FFF-B999-C930A2601EE0}.Debug|Any CPU.Build.0 = Debug|Any CPU
		{2E91C7CB-8529-4FFF-B999-C930A2601EE0}.Release|Any CPU.ActiveCfg = Release|Any CPU
		{2E91C7CB-8529-4FFF-B999-C930A2601EE0}.Release|Any CPU.Build.0 = Release|Any CPU
	EndGlobalSection
	GlobalSection(SolutionProperties) = preSolution
		HideSolutionNode = FALSE
	EndGlobalSection
	GlobalSection(ExtensibilityGlobals) = postSolution
		SolutionGuid = {A7A22AE1-6959-49D0-A49D-942FC3A7BC8B}
	EndGlobalSection
	GlobalSection(TeamFoundationVersionControl) = preSolution
		SccNumberOfProjects = 2
		SccEnterpriseProvider = {4CA58AB2-18FA-4F8D-95D4-32DDF27D184C}
		SccTeamFoundationServer = https://dev.azure.com/samariclamaroj
		SccLocalPath0 = .
		SccProjectUniqueName1 = ClamarojBack\\ClamarojBack.csproj
		SccProjectName1 = ClamarojBack/ClamarojBack
		SccLocalPath1 = ClamarojBack
	EndGlobalSection
EndGlobal
